// !$*UTF8*$!
{
	archiveVersion = 1;
	classes = {
	};
	objectVersion = 56;
	objects = {

/* Begin PBXBuildFile section */
		17B3FA4E2B50628000DD716B /* iOSAudioSamplersApp.swift in Sources */ = {isa = PBXBuildFile; fileRef = 17B3FA4D2B50628000DD716B /* iOSAudioSamplersApp.swift */; };
		17B3FA502B50628000DD716B /* ContentView.swift in Sources */ = {isa = PBXBuildFile; fileRef = 17B3FA4F2B50628000DD716B /* ContentView.swift */; };
		17B3FA522B50628200DD716B /* Assets.xcassets in Resources */ = {isa = PBXBuildFile; fileRef = 17B3FA512B50628200DD716B /* Assets.xcassets */; };
		17B3FA552B50628200DD716B /* Preview Assets.xcassets in Resources */ = {isa = PBXBuildFile; fileRef = 17B3FA542B50628200DD716B /* Preview Assets.xcassets */; };
		17B3FA5C2B5062B000DD716B /* AudioKitExample.swift in Sources */ = {isa = PBXBuildFile; fileRef = 17B3FA5B2B5062B000DD716B /* AudioKitExample.swift */; };
		17B3FA5F2B50630E00DD716B /* AudioKit in Frameworks */ = {isa = PBXBuildFile; productRef = 17B3FA5E2B50630E00DD716B /* AudioKit */; };
		17B3FA622B50698200DD716B /* Keyboards.sf2 in Resources */ = {isa = PBXBuildFile; fileRef = 17B3FA612B50698200DD716B /* Keyboards.sf2 */; };
/* End PBXBuildFile section */

/* Begin PBXFileReference section */
		17B3FA4A2B50628000DD716B /* iOSAudioSamplers.app */ = {isa = PBXFileReference; explicitFileType = wrapper.application; includeInIndex = 0; path = iOSAudioSamplers.app; sourceTree = BUILT_PRODUCTS_DIR; };
		17B3FA4D2B50628000DD716B /* iOSAudioSamplersApp.swift */ = {isa = PBXFileReference; lastKnownFileType = sourcecode.swift; path = iOSAudioSamplersApp.swift; sourceTree = "<group>"; };
		17B3FA4F2B50628000DD716B /* ContentView.swift */ = {isa = PBXFileReference; lastKnownFileType = sourcecode.swift; path = ContentView.swift; sourceTree = "<group>"; };
		17B3FA512B50628200DD716B /* Assets.xcassets */ = {isa = PBXFileReference; lastKnownFileType = folder.assetcatalog; path = Assets.xcassets; sourceTree = "<group>"; };
		17B3FA542B50628200DD716B /* Preview Assets.xcassets */ = {isa = PBXFileReference; lastKnownFileType = folder.assetcatalog; path = "Preview Assets.xcassets"; sourceTree = "<group>"; };
		17B3FA5B2B5062B000DD716B /* AudioKitExample.swift */ = {isa = PBXFileReference; lastKnownFileType = sourcecode.swift; path = AudioKitExample.swift; sourceTree = "<group>"; };
		17B3FA612B50698200DD716B /* Keyboards.sf2 */ = {isa = PBXFileReference; lastKnownFileType = file; path = Keyboards.sf2; sourceTree = "<group>"; };
/* End PBXFileReference section */

/* Begin PBXFrameworksBuildPhase section */
		17B3FA472B50628000DD716B /* Frameworks */ = {
			isa = PBXFrameworksBuildPhase;
			buildActionMask = 2147483647;
			files = (
				17B3FA5F2B50630E00DD716B /* AudioKit in Frameworks */,
			);
			runOnlyForDeploymentPostprocessing = 0;
		};
/* End PBXFrameworksBuildPhase section */

/* Begin PBXGroup section */
		17B3FA412B50628000DD716B = {
			isa = PBXGroup;
			children = (
				17B3FA602B50698200DD716B /* Sounds */,
				17B3FA4C2B50628000DD716B /* iOSAudioSamplers */,
				17B3FA4B2B50628000DD716B /* Products */,
			);
			sourceTree = "<group>";
		};
		17B3FA4B2B50628000DD716B /* Products */ = {
			isa = PBXGroup;
			children = (
				17B3FA4A2B50628000DD716B /* iOSAudioSamplers.app */,
			);
			name = Products;
			sourceTree = "<group>";
		};
		17B3FA4C2B50628000DD716B /* iOSAudioSamplers */ = {
			isa = PBXGroup;
			children = (
				17B3FA4D2B50628000DD716B /* iOSAudioSamplersApp.swift */,
				17B3FA4F2B50628000DD716B /* ContentView.swift */,
				17B3FA5B2B5062B000DD716B /* AudioKitExample.swift */,
				17B3FA512B50628200DD716B /* Assets.xcassets */,
				17B3FA532B50628200DD716B /* Preview Content */,
			);
			path = iOSAudioSamplers;
			sourceTree = "<group>";
		};
		17B3FA532B50628200DD716B /* Preview Content */ = {
			isa = PBXGroup;
			children = (
				17B3FA542B50628200DD716B /* Preview Assets.xcassets */,
			);
			path = "Preview Content";
			sourceTree = "<group>";
		};
		17B3FA602B50698200DD716B /* Sounds */ = {
			isa = PBXGroup;
			children = (
				17B3FA612B50698200DD716B /* Keyboards.sf2 */,
			);
			path = Sounds;
			sourceTree = "<group>";
		};
/* End PBXGroup section */

/* Begin PBXNativeTarget section */
		17B3FA492B50628000DD716B /* iOSAudioSamplers */ = {
			isa = PBXNativeTarget;
			buildConfigurationList = 17B3FA582B50628200DD716B /* Build configuration list for PBXNativeTarget "iOSAudioSamplers" */;
			buildPhases = (
				17B3FA462B50628000DD716B /* Sources */,
				17B3FA472B50628000DD716B /* Frameworks */,
				17B3FA482B50628000DD716B /* Resources */,
			);
			buildRules = (
			);
			dependencies = (
			);
			name = iOSAudioSamplers;
			packageProductDependencies = (
				17B3FA5E2B50630E00DD716B /* AudioKit */,
			);
			productName = iOSAudioSamplers;
			productReference = 17B3FA4A2B50628000DD716B /* iOSAudioSamplers.app */;
			productType = "com.apple.product-type.application";
		};
/* End PBXNativeTarget section */

/* Begin PBXProject section */
		17B3FA422B50628000DD716B /* Project object */ = {
			isa = PBXProject;
			attributes = {
				BuildIndependentTargetsInParallel = 1;
				LastSwiftUpdateCheck = 1500;
				LastUpgradeCheck = 1500;
				TargetAttributes = {
					17B3FA492B50628000DD716B = {
						CreatedOnToolsVersion = 15.0.1;
					};
				};
			};
			buildConfigurationList = 17B3FA452B50628000DD716B /* Build configuration list for PBXProject "iOSAudioSamplers" */;
			compatibilityVersion = "Xcode 14.0";
			developmentRegion = en;
			hasScannedForEncodings = 0;
			knownRegions = (
				en,
				Base,
			);
			mainGroup = 17B3FA412B50628000DD716B;
			packageReferences = (
				17B3FA5D2B50630D00DD716B /* XCRemoteSwiftPackageReference "AudioKit" */,
			);
			productRefGroup = 17B3FA4B2B50628000DD716B /* Products */;
			projectDirPath = "";
			projectRoot = "";
			targets = (
				17B3FA492B50628000DD716B /* iOSAudioSamplers */,
			);
		};
/* End PBXProject section */

/* Begin PBXResourcesBuildPhase section */
		17B3FA482B50628000DD716B /* Resources */ = {
			isa = PBXResourcesBuildPhase;
			buildActionMask = 2147483647;
			files = (
				17B3FA552B50628200DD716B /* Preview Assets.xcassets in Resources */,
				17B3FA622B50698200DD716B /* Keyboards.sf2 in Resources */,
				17B3FA522B50628200DD716B /* Assets.xcassets in Resources */,
			);
			runOnlyForDeploymentPostprocessing = 0;
		};
/* End PBXResourcesBuildPhase section */

/* Begin PBXSourcesBuildPhase section */
		17B3FA462B50628000DD716B /* Sources */ = {
			isa = PBXSourcesBuildPhase;
			buildActionMask = 2147483647;
			files = (
				17B3FA5C2B5062B000DD716B /* AudioKitExample.swift in Sources */,
				17B3FA502B50628000DD716B /* ContentView.swift in Sources */,
				17B3FA4E2B50628000DD716B /* iOSAudioSamplersApp.swift in Sources */,
			);
			runOnlyForDeploymentPostprocessing = 0;
		};
/* End PBXSourcesBuildPhase section */

/* Begin XCBuildConfiguration section */
		17B3FA562B50628200DD716B /* Debug */ = {
			isa = XCBuildConfiguration;
			buildSettings = {
				ALWAYS_SEARCH_USER_PATHS = NO;
				ASSETCATALOG_COMPILER_GENERATE_SWIFT_ASSET_SYMBOL_EXTENSIONS = YES;
				CLANG_ANALYZER_NONNULL = YES;
				CLANG_ANALYZER_NUMBER_OBJECT_CONVERSION = YES_AGGRESSIVE;
				CLANG_CXX_LANGUAGE_STANDARD = "gnu++20";
				CLANG_ENABLE_MODULES = YES;
				CLANG_ENABLE_OBJC_ARC = YES;
				CLANG_ENABLE_OBJC_WEAK = YES;
				CLANG_WARN_BLOCK_CAPTURE_AUTORELEASING = YES;
				CLANG_WARN_BOOL_CONVERSION = YES;
				CLANG_WARN_COMMA = YES;
				CLANG_WARN_CONSTANT_CONVERSION = YES;
				CLANG_WARN_DEPRECATED_OBJC_IMPLEMENTATIONS = YES;
				CLANG_WARN_DIRECT_OBJC_ISA_USAGE = YES_ERROR;
				CLANG_WARN_DOCUMENTATION_COMMENTS = YES;
				CLANG_WARN_EMPTY_BODY = YES;
				CLANG_WARN_ENUM_CONVERSION = YES;
				CLANG_WARN_INFINITE_RECURSION = YES;
				CLANG_WARN_INT_CONVERSION = YES;
				CLANG_WARN_NON_LITERAL_NULL_CONVERSION = YES;
				CLANG_WARN_OBJC_IMPLICIT_RETAIN_SELF = YES;
				CLANG_WARN_OBJC_LITERAL_CONVERSION = YES;
				CLANG_WARN_OBJC_ROOT_CLASS = YES_ERROR;
				CLANG_WARN_QUOTED_INCLUDE_IN_FRAMEWORK_HEADER = YES;
				CLANG_WARN_RANGE_LOOP_ANALYSIS = YES;
				CLANG_WARN_STRICT_PROTOTYPES = YES;
				CLANG_WARN_SUSPICIOUS_MOVE = YES;
				CLANG_WARN_UNGUARDED_AVAILABILITY = YES_AGGRESSIVE;
				CLANG_WARN_UNREACHABLE_CODE = YES;
				CLANG_WARN__DUPLICATE_METHOD_MATCH = YES;
				COPY_PHASE_STRIP = NO;
				DEBUG_INFORMATION_FORMAT = dwarf;
				ENABLE_STRICT_OBJC_MSGSEND = YES;
				ENABLE_TESTABILITY = YES;
				ENABLE_USER_SCRIPT_SANDBOXING = YES;
				GCC_C_LANGUAGE_STANDARD = gnu17;
				GCC_DYNAMIC_NO_PIC = NO;
				GCC_NO_COMMON_BLOCKS = YES;
				GCC_OPTIMIZATION_LEVEL = 0;
				GCC_PREPROCESSOR_DEFINITIONS = (
					"DEBUG=1",
					"$(inherited)",
				);
				GCC_WARN_64_TO_32_BIT_CONVERSION = YES;
				GCC_WARN_ABOUT_RETURN_TYPE = YES_ERROR;
				GCC_WARN_UNDECLARED_SELECTOR = YES;
				GCC_WARN_UNINITIALIZED_AUTOS = YES_AGGRESSIVE;
				GCC_WARN_UNUSED_FUNCTION = YES;
				GCC_WARN_UNUSED_VARIABLE = YES;
				IPHONEOS_DEPLOYMENT_TARGET = 17.0;
				LOCALIZATION_PREFERS_STRING_CATALOGS = YES;
				MTL_ENABLE_DEBUG_INFO = INCLUDE_SOURCE;
				MTL_FAST_MATH = YES;
				ONLY_ACTIVE_ARCH = YES;
				SDKROOT = iphoneos;
				SWIFT_ACTIVE_COMPILATION_CONDITIONS = "DEBUG $(inherited)";
				SWIFT_OPTIMIZATION_LEVEL = "-Onone";
			};
			name = Debug;
		};
		17B3FA572B50628200DD716B /* Release */ = {
			isa = XCBuildConfiguration;
			buildSettings = {
				ALWAYS_SEARCH_USER_PATHS = NO;
				ASSETCATALOG_COMPILER_GENERATE_SWIFT_ASSET_SYMBOL_EXTENSIONS = YES;
				CLANG_ANALYZER_NONNULL = YES;
				CLANG_ANALYZER_NUMBER_OBJECT_CONVERSION = YES_AGGRESSIVE;
				CLANG_CXX_LANGUAGE_STANDARD = "gnu++20";
				CLANG_ENABLE_MODULES = YES;
				CLANG_ENABLE_OBJC_ARC = YES;
				CLANG_ENABLE_OBJC_WEAK = YES;
				CLANG_WARN_BLOCK_CAPTURE_AUTORELEASING = YES;
				CLANG_WARN_BOOL_CONVERSION = YES;
				CLANG_WARN_COMMA = YES;
				CLANG_WARN_CONSTANT_CONVERSION = YES;
				CLANG_WARN_DEPRECATED_OBJC_IMPLEMENTATIONS = YES;
				CLANG_WARN_DIRECT_OBJC_ISA_USAGE = YES_ERROR;
				CLANG_WARN_DOCUMENTATION_COMMENTS = YES;
				CLANG_WARN_EMPTY_BODY = YES;
				CLANG_WARN_ENUM_CONVERSION = YES;
				CLANG_WARN_INFINITE_RECURSION = YES;
				CLANG_WARN_INT_CONVERSION = YES;
				CLANG_WARN_NON_LITERAL_NULL_CONVERSION = YES;
				CLANG_WARN_OBJC_IMPLICIT_RETAIN_SELF = YES;
				CLANG_WARN_OBJC_LITERAL_CONVERSION = YES;
				CLANG_WARN_OBJC_ROOT_CLASS = YES_ERROR;
				CLANG_WARN_QUOTED_INCLUDE_IN_FRAMEWORK_HEADER = YES;
				CLANG_WARN_RANGE_LOOP_ANALYSIS = YES;
				CLANG_WARN_STRICT_PROTOTYPES = YES;
				CLANG_WARN_SUSPICIOUS_MOVE = YES;
				CLANG_WARN_UNGUARDED_AVAILABILITY = YES_AGGRESSIVE;
				CLANG_WARN_UNREACHABLE_CODE = YES;
				CLANG_WARN__DUPLICATE_METHOD_MATCH = YES;
				COPY_PHASE_STRIP = NO;
				DEBUG_INFORMATION_FORMAT = "dwarf-with-dsym";
				ENABLE_NS_ASSERTIONS = NO;
				ENABLE_STRICT_OBJC_MSGSEND = YES;
				ENABLE_USER_SCRIPT_SANDBOXING = YES;
				GCC_C_LANGUAGE_STANDARD = gnu17;
				GCC_NO_COMMON_BLOCKS = YES;
				GCC_WARN_64_TO_32_BIT_CONVERSION = YES;
				GCC_WARN_ABOUT_RETURN_TYPE = YES_ERROR;
				GCC_WARN_UNDECLARED_SELECTOR = YES;
				GCC_WARN_UNINITIALIZED_AUTOS = YES_AGGRESSIVE;
				GCC_WARN_UNUSED_FUNCTION = YES;
				GCC_WARN_UNUSED_VARIABLE = YES;
				IPHONEOS_DEPLOYMENT_TARGET = 17.0;
				LOCALIZATION_PREFERS_STRING_CATALOGS = YES;
				MTL_ENABLE_DEBUG_INFO = NO;
				MTL_FAST_MATH = YES;
				SDKROOT = iphoneos;
				SWIFT_COMPILATION_MODE = wholemodule;
				VALIDATE_PRODUCT = YES;
			};
			name = Release;
		};
		17B3FA592B50628200DD716B /* Debug */ = {
			isa = XCBuildConfiguration;
			buildSettings = {
				ASSETCATALOG_COMPILER_APPICON_NAME = AppIcon;
				ASSETCATALOG_COMPILER_GLOBAL_ACCENT_COLOR_NAME = AccentColor;
				CODE_SIGN_STYLE = Automatic;
				CURRENT_PROJECT_VERSION = 1;
				DEVELOPMENT_ASSET_PATHS = "\"iOSAudioSamplers/Preview Content\"";
				DEVELOPMENT_TEAM = D3D2BJZUS3;
				ENABLE_PREVIEWS = YES;
				GENERATE_INFOPLIST_FILE = YES;
				INFOPLIST_KEY_UIApplicationSceneManifest_Generation = YES;
				INFOPLIST_KEY_UIApplicationSupportsIndirectInputEvents = YES;
				INFOPLIST_KEY_UILaunchScreen_Generation = YES;
				INFOPLIST_KEY_UISupportedInterfaceOrientations_iPad = "UIInterfaceOrientationPortrait UIInterfaceOrientationPortraitUpsideDown UIInterfaceOrientationLandscapeLeft UIInterfaceOrientationLandscapeRight";
				INFOPLIST_KEY_UISupportedInterfaceOrientations_iPhone = "UIInterfaceOrientationPortrait UIInterfaceOrientationLandscapeLeft UIInterfaceOrientationLandscapeRight";
				LD_RUNPATH_SEARCH_PATHS = (
					"$(inherited)",
					"@executable_path/Frameworks",
				);
				MARKETING_VERSION = 1.0;
				PRODUCT_BUNDLE_IDENTIFIER = com.samhodak.iOSAudioSamplers;
				PRODUCT_NAME = "$(TARGET_NAME)";
				SWIFT_EMIT_LOC_STRINGS = YES;
				SWIFT_VERSION = 5.0;
				TARGETED_DEVICE_FAMILY = "1,2";
			};
			name = Debug;
		};
		17B3FA5A2B50628200DD716B /* Release */ = {
			isa = XCBuildConfiguration;
			buildSettings = {
				ASSETCATALOG_COMPILER_APPICON_NAME = AppIcon;
				ASSETCATALOG_COMPILER_GLOBAL_ACCENT_COLOR_NAME = AccentColor;
				CODE_SIGN_STYLE = Automatic;
				CURRENT_PROJECT_VERSION = 1;
				DEVELOPMENT_ASSET_PATHS = "\"iOSAudioSamplers/Preview Content\"";
				DEVELOPMENT_TEAM = D3D2BJZUS3;
				ENABLE_PREVIEWS = YES;
				GENERATE_INFOPLIST_FILE = YES;
				INFOPLIST_KEY_UIApplicationSceneManifest_Generation = YES;
				INFOPLIST_KEY_UIApplicationSupportsIndirectInputEvents = YES;
				INFOPLIST_KEY_UILaunchScreen_Generation = YES;
				INFOPLIST_KEY_UISupportedInterfaceOrientations_iPad = "UIInterfaceOrientationPortrait UIInterfaceOrientationPortraitUpsideDown UIInterfaceOrientationLandscapeLeft UIInterfaceOrientationLandscapeRight";
				INFOPLIST_KEY_UISupportedInterfaceOrientations_iPhone = "UIInterfaceOrientationPortrait UIInterfaceOrientationLandscapeLeft UIInterfaceOrientationLandscapeRight";
				LD_RUNPATH_SEARCH_PATHS = (
					"$(inherited)",
					"@executable_path/Frameworks",
				);
				MARKETING_VERSION = 1.0;
				PRODUCT_BUNDLE_IDENTIFIER = com.samhodak.iOSAudioSamplers;
				PRODUCT_NAME = "$(TARGET_NAME)";
				SWIFT_EMIT_LOC_STRINGS = YES;
				SWIFT_VERSION = 5.0;
				TARGETED_DEVICE_FAMILY = "1,2";
			};
			name = Release;
		};
/* End XCBuildConfiguration section */

/* Begin XCConfigurationList section */
		17B3FA452B50628000DD716B /* Build configuration list for PBXProject "iOSAudioSamplers" */ = {
			isa = XCConfigurationList;
			buildConfigurations = (
				17B3FA562B50628200DD716B /* Debug */,
				17B3FA572B50628200DD716B /* Release */,
			);
			defaultConfigurationIsVisible = 0;
			defaultConfigurationName = Release;
		};
		17B3FA582B50628200DD716B /* Build configuration list for PBXNativeTarget "iOSAudioSamplers" */ = {
			isa = XCConfigurationList;
			buildConfigurations = (
				17B3FA592B50628200DD716B /* Debug */,
				17B3FA5A2B50628200DD716B /* Release */,
			);
			defaultConfigurationIsVisible = 0;
			defaultConfigurationName = Release;
		};
/* End XCConfigurationList section */

/* Begin XCRemoteSwiftPackageReference section */
		17B3FA5D2B50630D00DD716B /* XCRemoteSwiftPackageReference "AudioKit" */ = {
			isa = XCRemoteSwiftPackageReference;
			repositoryURL = "https://github.com/AudioKit/AudioKit.git";
			requirement = {
				kind = upToNextMajorVersion;
				minimumVersion = 5.6.2;
			};
		};
/* End XCRemoteSwiftPackageReference section */

/* Begin XCSwiftPackageProductDependency section */
		17B3FA5E2B50630E00DD716B /* AudioKit */ = {
			isa = XCSwiftPackageProductDependency;
			package = 17B3FA5D2B50630D00DD716B /* XCRemoteSwiftPackageReference "AudioKit" */;
			productName = AudioKit;
		};
/* End XCSwiftPackageProductDependency section */
	};
	rootObject = 17B3FA422B50628000DD716B /* Project object */;
}
